1142bad7a1b6367596d6a9dd8f79392bb5f252d2a273000dc8eb310387def13a1775f721adf9a55ae27896d19d41b74aaf27464003afd15cb6d5d98fc8fe4655cb074e453f266a65f842e5d1af343ebedfcf193159f7bf1cb60a5bd044be74563a6f7bb2912636b6c9c65aa67ba7a6b5f65d697a5cc1e320168b514a47eb2167b172b40eb386a24eab3867abd911523780d803b645e942ee06c0bf8995dc97e8db361acdb94d01a73d018078b093bf9d8d57fff243c5ec8d5181ac82588bdf9895d76e52c3a4489e864df817fe272eb1453a944a6cf173a37e0c7456f975ceeaf1c0bd40a9aa1db540b0887e2a7c560be4a8943b4919a66c71c65c7b193212fbf08d6f70c6351841381d453d837ba7b910f83d0ce81f81cfd0f1bb77937d4ffb4edc4288a6e34076b64ba0355997729c8bea5c81d21d7c82046d4018f827efbba4b89ae4ff1f405a6526762b5c46891bfc93f283134a46c4eed1cb09d8356a3b3ccbf66de1b9afca908d638cc35e744cf90befca5a21e6d4281fb23d04c581532cb656d23cfbd1fee2234da73bd2b7aa87519f5604d331c006fdfd17706ace3953cd91307d06e74f62444430af2fd08f8014d31b7a1f550088c5b798d0cf3140b6d1aabcae80c8337acccb92adf19439e2c5cb1b63d03d0c4fd6458d1fcaa7f707ce89405376c0da21fa1ca48126ab1acfbf69ecfe623718e86d94779bc55e64bae5d6c2a7b7006c64551924e0a2764cb00cbeec192d02980e3155d97c6d9ac33d14049f0d141c8062d2fffdd75fd836b9fdde69af6d0386cf2a1579294e2688eaaf5c762a91865fa76277f3e9dbf689bb25efd2196710eb61ae80969e859e7315515ee13def0082f35cf004d38acdad70760cc8f8b8a236272f0a96e8e28c1c0f6b36c361dbb8c0d5fcbdd63347115da78143645e562e89fb99f22d855b0fd87dcfbf3883511c744f1e6d43926c065c5b872073c0b3a77e09dc6cb0d78716b122ec3b70ec7dfc2c191fa99c5db96a3bf73a1b5e2b5d5e5db2037f83e4456ffa5a4cebb15fb684c12ba281a6635952255dd6bfcdada5c52011f743609f14420f2ae371e9841ea0cd2c98188d9ddc462fc159270e1f761a2edd2257b6d1abfcbd6c2ab65e999046bb9965dc077599b689e4ee7fc31535c213fd3c80c6e68c73524c15bb2d514f4deeb7401419a18cb532f9433e4635488d58061622535adb5da4f1003b993f957da8a7266f51f485df5c8010c9dcb4d0cbc01818060c2719329ef33907f22c97356a3e95c425afc048897673e046bf58f59f5b82b80a14c3fd5b3808fb0dffcce392236f7fd4e426a7e162eeec599241991b6836296ebd966ea72ca7c53e0c6f1eac78ea38cf9b8591e2d9659be887642426ca47437901c07bc9de8faf9c3c38707ccd313594bc245d2c2ea2d409f6c305fa873d16c7b29c01c02e07d0dc330ed8e1cc4b3e5f870a66bc5de70f16a38c87109d34b0ab65fc4ee1071431de967ae15f011941e15c52dd01316a9f9a5880138ff5a4c51e3f2f9349c6ac49592f93db864a240111cd56892654fe92b242047b5369d3b5fc789c22dab4f42f84e3ca484c5945c7f8e90fa710e3dd3e1f5736fe8144477473286819d5ce5e1e6372f2ce1439cdd8dbb23dd0438f8ac50666499c4763b0c6d7cb302b6b5ace3146435677b274781916960a75f9053a66b80735b4c3f0aab744493b0420c714460177a8167f22c4113dbcba81ce5819184030b66ee25aa30504de92125b818e4c9e9b7a8e274e7ae0b62d20eeb3e54f65fbcaffb432f2cd428ac254997a69401d0cdbf4e9d0a34dfcb862987e8b606da0e9d9cb50d156575fab2aaa1355e7f0fe408ccce3bef9dab03e21597d9c5b5ab05cdde286ae76d58d002f9aae4aa51a57287799496c5deaa953773e5d6371f0a379b0a0ba08c04c01e3f940b75bce13f4b08b04972e3d59d5287c9cefc5ea2ea05c4f722d87e5c87bdf2aec0682a7207307e34d28a0474de2586553f593916ca77b5875514988ef00824a51c1dea7138776c11ec5d70e7fcedb0fc7c929f6ee5bec4e105d52a32dcaeb080ab27a8a33d2ca682ae38cd5868c32d8c4f5dee3f85aa7ea7435eb7ca6a34842cee5bb0735ff96005d7d7614e572a1e0596174158a9c87c84d200837cb9f595b551ea343ec285166a1f3af920e66ea2e2bb66098ea73f5a4d983dafc0d7245cc4baf3e4a190591c4cf3383bf30422889f631b0313dfeb1842fa0a641bb78c5c50215708430e59c40026e29e5c12c03031cbbe351dfbbd83186f072bc7122eb8f03d3f0e4afedeabc77dcfe695382eb2f7342e7addb429200464ec6668335cbf9f798826076f4409e92d129918f2ea8c4b1df4aa8f496937c4cbbe5a961c131595e7ea44900a43a8f71ca712f0df8778f08a627aaf9cbcb475e1b5dc48ec59ed7d92c1d9e0c82c849c53069eb4b276614402b4ead32c1647f9270fd310475281b78e933c8e860a36a2efd838c6eebec6ef319ef50aed6b3e30be99937bd22bffb11c721ca75220d8011515c74dcb9438ed603f7eb3dddd4fec319c28a7708c5e45f96a16eaaa947a9dee0223193097f4d1de72837c9f4fb8b8c3f3221388450bbaef6d5fa000664f1b77f2c0a35d01c73543066e29edce380e0e987157a24545f80bdde20e8a27ef3349a894a667a205a16dbe7ccec7217346bafeb739ecde02c9557ad18e60cd34304ea39b5041d44e31a7ce653d10b33b7561530153525556e57d097e662436459b4fe6b67625ff96743627c3f2e3fff23d186b2b67c6b1a0327cd8c23d2583b1023f76ebdab6d8609d84c35bdfa9af3c51f57df243f85da33db6f3267b36c5627d920b1e0a60fa31212c1c42c8a47dd1808ad529be76a7acf9b7a4786bcdcaf5f30e8b19e9624936a4f33c981c498eaddf392923767e520a030be692e2d8da8a269d0896a6b15fd58c348095a06801b5e5733658a48070db0349f2488b96e6f9e8b9ab4fab4b7b6a812254a8e0b9537ecd3ba4bd465490127740a3c12130816a8540205b8c0fe42a7a32fa79e7135355932c6f183c5c86bdc9c885de14b8319e560b38c0b998cb519b68230db1954bd5f5b61e7b28af2562979b5a7ece13b0ede954dd98c8c3c484078181c340845b213dd38ee977bb0473561bb522878649e79442edf732d017c600bcb20737136b39655284e14a44bd55dbecdc45b5b22e1685822c0fc77654ead23ac0ce22ff9840e4dd40486651f7ed053d28572ecb8336a9ac1e0552f205b954c39896f9fe9351815f3cdf44a017aa6cd45e3419f4d48dc4ae58db0115de4052924a544cb1afd7bc18bd43474347e95581ed7ed91141714fbade00787518c7ffe58d42a6c3d1d5fe1491f7dc9863844e93cb7eeb0c3ed2a70de1da7988ef47d416cfa25c6c36372d050e65bd9e9616e787aac3e474af65a5eb5f0d25ba4241900eef799b4efc954bf2d3219b9a1ca63dfd03dc263acc66a49811b7dea24c625a3dddec9a643b9ce32ccf1cf933b5880ad7f9fe7fc970c88190e81d137927c9745a86e66e47692e7da262b66b5476f513d1d70c944d51fad0fd24a7d1b1da4a4cc09cbaa68f2e27ffef3943aa416304a7c125fe797071838279fd0b4825cb7e98959569062fd982548677613005b7696750c7ae9205fcc169ae13dab2589edb9bb8cc79789b3b9c81122f0e0690efa944c3c9fd3b68698f2a7bdd8b616ef7cf823c9d48e613ac219db930989aec89d78820dca26bfed9bbe95bed96508a5b1e2a4eeef3d5180840d2876a6ddd4aaa37aaa36b8fb5ea01a0627ebc615b0baa6cdf81bb122be58126bd2948d32d92e00bbb600867b679eb99eee3d6af3af0023deba74fb103e79f35984cc41a99145527ac4124541078ada46ce0ce7047659c84b0ebf6cd1f862c68ec6f577e19cdcc3f33d48707884472eb6683b776d63ac1d6d53776df5ec9fab950c46de045630ad102ac355ad5791012c51b5f7a11be8a0c8c101a6809c2bca28002fe66181e3bb6129a2d5bbe39e590c98c896e75c58f560db11a1b83ae5aea749e92339ad01ccc3749c75e7e88896e49ea53dffe5b43387eb1afd4f13eee5c57b4cd6a24366ac037b82763ac6b3ae4b514bece66e40533a10318dbb0e6276263d6220034d1921a3d50b8f409e960ff423c24179b600cd73bc0f8e938170872490adf1641a78607d660163c3edbe3e2049f5ee91106a5d771239d5fea4828723fb761ef0bbf2843528775aa750bb161d5b9f00d015f35e96b2eebbd36c52966ec3cecf74c8a882103543849d5c8c6c591cf69e4086f89ed5782973005708982b1e557161d9fce037f608bd0f336f9e032db5adf85103f5973749781652ed4438155797444bbacd6f422020d8575f2ab40d073bd4254d27e62dc04d8e0aa83c8682cdb5e1e261cf707102ea465de71ebf6bc932bdf689d6f7a11f0d37b72b50573e4c1da5d60344075ef0b85a2abbf68f6dab88bbde76a63a0757dde1824a333c0438d2e824cc5c8324ebf9ceee30b813407e49252f683a3d1b339e7a60d68961097cd5e5b0a88103c5c8621f9f32613aadbf4ccadac05114dffa8f0b953a5c16977aa3a7fe51d2d485df2da68283ad7019328ab8e1393d142a690824cbbd72758de6cb15e151ffb78f4a6ab7a432c44285342e66a3c9c3c79d57162de2e3f3433c6db2aaaa391c7286671b596a4943a26fd41c14d1be4adee8153835feaf33d20c5ac9319917e151331265330e1a42f7a84b136cb940690bb18fba3adf07c3904239b15d27dbc38a77a711b1f535896eedc34dec515d5c534784af6e437bf413c4e0102d28d72ac73f1d5bf8c61bbbdd13e486dfc6f2900402f89f12c19940ed3dad6d70fbb904c5f656e191f4568fe016cc2371d2eec69137c31dd90513a1f0467a8f30baab735056e99bc54ff47d5c443d7144496ab9a28a3628a4b7a3275d73db7646cfe25c9d0347adffae37a5b4fa22e00a66830e6fd7dec9bc077540e3589f6cbbe55202fe4fd8a2a492c8512961e2300417cf05d1a3addcd5fab7ec546bd575b8b48fcd9ae23a40e666cae7bf1c989dbcf62aedccbc47eb492b3a3f34438f81773f631010d1018a21f7f7fcc29cafa9a52bd242767fb5cbe4cf7bcb956f41cb0bfc4d967910385c8b76a3109c29e2750f4092e93ba241e40424cba3f6b48af67e8653d12abf0c818b1bd6a1d967372906011fc026222f5f0fd9933cdd1082861b1fdcdf8cfaac377e3e6cf580bc25736994da8dcd3e5f1c26eb748f879855ef38b441274bcbd31693306ddace478bed098c6753061408a77b2e354d234b6a7ce40ded78f381ead03c4d58ad2ac0bef1bf6fc2d6bc37f3f5b4ae4eaf15034bfb0e056d7118c5d6f23125ba70d7ab5b3972a8e243c028c7e08c916de28190efb35230677cc03bfc3bb50cfc512eef68b14ff29a5e50037c29681fcc620d69f0d10999b477577d51fe6e0b689b1d153fd81408059df77011609ce4f6d8680d013ff7d8c4de221756dcf09f70446bf1a24cee875588f959a6de8e6f443ebb2b4e15e82badbe0f743dee219155e9497a5bc7e0f173015b6dacece0daf2d51e4b99228a16261579064cfe42d6bf342d63127b2c1ca75147e0b2b6e5848332ad8d5f417a278d14490e294f9247edc8baf292009a90d6def69db49edcf9fc29bceb15e1fb24611bb50cecb35d9d2f4b0cf4f2d2be87d3f816c4c3bb87261fdb0619e92762dd866e201598916d758c2c51394efa99ebb3b7b4f1bcde6fbf6356bc489e7b542bf825ae9e6551b08d40736525293707e8d48f898605559cf8a1eadc4e0a6b85a022d7327d436a3a14d90dedb83251adf67914f901d6e088a23b50b34a283e59413c0d9a38978eb7a690529811b8e418ade97966e5a8076c261dc6114455c0b0e9864a8dc3027ca5653135d689e1c6f68f09d92d3dea81f9ce138898c623c394bc767b6a3d53cf9564ade0b7ec3663f98ffed197dc42009c3fc3a2cf16cd3ce6516f8809aa03f9c5dd4af028946f19618e65578e6aa5a45e193bd5868a1eda6702a1b1b2de84f5cc058f90653eb3bc3bcb6381d8f0209e373be2e154e78e4932936c7ebe4e2c80f16b619494b97aabc22089728083277c8371ea5f4d128b569c392e1c5a3c121dc4866f164f67d5c8bd143b8a28f2b26f81dfbc96855ce639940b509ad2c8e4e72c0d5f149692af9c77aaad2aeb7c91d004e2eccfa191999c3cbf6a0a0eefd99097ca1257b83b6298a498ead489845ceec6dbc848d083fc6fc79b95d4666fa29480542b0b7eafeda800bb9bc549246b92c89ffe2021e668f5b8cca6931581c52b8166a43613c0bf914de6ffd39319d42814d84c6152a5f12587bb8f82728c94e866c23f076e915ea2d092a5ea860dec2b1c62003410afcf6ddc75664ca7383b29da8a1c6fc1ca2ae14c458a3a65d656cce04520577170feae7445de4bbd7e1b9cd97796f63de28310321e66553c8d1f5a04338272ddcfdeaaa80f5d1af0b201355b35978e1242dfe7ebb7f9ccb13afa89be94a94ed6d1a96c38cc4a9cdd6954ac9017dd75c86a13dfff71e6977c2092b88adc5f1dbc723bf172fbf7ae42c7a5cfe1d574f580118196102f555240d9917d2a92b45c8a8c5800875905e28aa2c20bdfd40f7c2fbf245b1c02bdf21d495e6baf3341cdda02c9a4762b46f18f221280d1c3277d45d9c346d773974e8a76fe49081b8be3b69c00fd935123c37a605dd8053cc41d24799a88cbe83d1f2bf6250fc432a0fe4511a963fc8bb0d1a3667289805a83156c8d51767ccc7024d38a60f5f67616b0b75f49d5ac5300cd17bcc6e2ed172695a52825bf172b7e75001885c220433e83be4576784c954d6572e36f51bc4930b8553bb2a0b0a9587ed9fa607f5584f8308b6f483ea0105e82a0855b8a96e90c559842a166a726918f6732d8957cb58653bd21cce8e90b4a39006db19741c9795c5c70b157ef1ea1c1df6ab08f2eab576d3880c64db8ce726803b1afa6c4b165191bb2673e52d9e3df3306b2930f1b620ae88d89ed09f713f17497dad455ca1f747ee0a38eda0a6e11b07b00cced0e418a7912172e139aac42ccfe96eed74ba3426af1b2a1128b6ca1d02bfcccc43c40a7d145a611c9f956ea9b55df36877fa2907a4554b9e9f844f1b1684cc48b694783d0428a0bb4ae7c18069210ca39295adf0eaf91633118e12af705e3155c645073fc3faaafca88c5507f39566ac9b222adc3a4b063a4de86d329c05e049a392f088f42c66a0fd0fcc67efff987530cc1a378861dae084e45482e41d5694909b4a449d422881309f29c499d314ad18b6fba99494b2b9a0063f852e1135b4add06dfd490f9e9d84f4eb04ad09168e0562d141e9a45b16ae55d5a134f5240cfb6853f43ae5d54ec3a2bcbe4ad4a45575679bcf2b8040c75c84f0852fbc22c9d971b11a0adb3204dc1f73b50d57d7cffe5ffef05c5c90738dcb3c6cf99d4267658e5bd4aba406980f3e9ae02c284a878184817debb70cf13f0a5eb52eae74a13ffb701177a187e168492cd3391deb928a2cfe6d4d69b1c7e0615b34a92486450a1182741e37140d38f8e88fa76b59025f44ca8c330f8bab7babe6c03291d3e8178e26618f76a4d10b3abb82585b24ecd79d295e6c67706b34be19afc5017f12990a2b53ab9d311eb1adbb8f2d78a6c80c425a72e105a89e9d29e13a30e9176aa7bf3f910e9c64364045d6fe24e33b1e8088f2edae8ef68a6cc5708c8f68376b80927d6e42d514f6d2af208c337fae570480fd142940696dafbc038a4e3f7514624622704efd15a8ef5f3132f0378bf1eb003df0b155a30acde78906945f4eb8f68b3d86e0a27657e3f854167bdafa0e3c8a824055744a4b9bc70cd68d507645554ec215dfb78b9d63a77f6ec8c1f03951731cd9585371747cd9e7625adbc86e6fc5f617a38a2bf151052a62c560aa2abde8373014971d741ddb51f6dbbae020c8455fa3177f4f409e0b867c79630ef2a2a3c617f8f930c7908df8b2e31290aa554d57ed3afe60a6afd599d7e897c5f2ff6ec75295e9ce66aa8d6b8ee6c5f52a8b4067e93a40588b926876822f3d01f0ce18efd8b14598c7321d4671aa83ebaa6cc579d2960ceec59e94748b3acf844dcee870539cff0f64fdf2cf2d3acd8264eda3af45e2da097be2fee28d067015aed03965678cdb568f2185c3b949fe681e20490bf087aba69687fb4aa51fddd4ccd8e5b822cf8d7128fe983a7117ca8e151be4d351061300fdcc95d2418a65fd6c8c2d92936e27d6cab10c17555a892b22a171258b228acd8efd7ad943e123e54078d7d6791461b7cf1ba46b8021300bbc8204f6b2f91a5326b65e67f470089f5cfe0d603d8d009e4023dd1973798032413d9ba418f6916ad74fd4a6951dc0b3de8079cc74c3a19482e02d0c90d50566d7652831c16ce8a85c5f37cbd7ebff3d236e433922bd38fd419ef6e69d29b4c65983b4f20d4875ebc94045916f34b86fca702edd4c734ce79c0654d1e88bd67a500792734196585947cdda3ef6f9314280c3f28a8919858d775bd15fc59b31211d60be1dd358f571cd26b0d3ae21b88cfccba31b77d2b94bf32b0b953d3f226bfc9827972e2be1795a77770db069e2e7931af7785b4571dd9d1b4f4f77781a980d8327c58152dfe8b6fa9d35a3b03e0626c42c8ca3b671eaaf53dadc2b44cc7b922b00e37fafbeedfc3143e54d7abb81b852087e78fd7d9b1e6ffe89aba093f752b05e03cd9ce04e6110ca143f2f79d213ec6135c8e51fba659218e5ec414b80d0035f73fc82730a79f4b98a79f7ea8000302e2dcf438d660bf063654f8b725522b713eff5dbec692ff866073a0d22bc2dba2584e8f6fceeda65be08f1bd7b13e8ebf004b02110b128ff66456a70612060c8a67e4073d7e12bc62996501ca50a6ab9c865b115c21d49c3c569aba53790a68fd2cb89d182b922d57487b77848c04c9e8ba0e434eb11aa1405d1d50874d50fef51e2f15c4d141e6062c5c838694e2f46194db0d1972a52a1961b952b523d5817a2283f56b04ab58dd6c15b6a1b347f50fc546a5ac4c5698e08fc9a911fd06968004644494ac5f4d3cf8b2dfdfd5f86daf3e14cb46f3a56ea68a5a61e1259f6a66c8ed9ed912e90d5abbf0192fe938e70de3167db2bd9c547c0538b12c6680420c45c1fd38b24ac8526e24cfbd645bbb8279f87550e7e39038c99b150e79589ac52daf6d490cf3bde7a9c2d1dd87cf6f4f5b7dca22e8088f128d2fc1b87ce370fdee95db5354ef5a1d6be062dd7723b8d10698915d13b8f49a594c73ba3f899d5a5e5fbe837580d67e9c794b45370347562b50eff8b578fd62e763e64247bf3f35b9f58429a226183b9f4ff37cc975e7b9bb3ad0b247d2c4e4e304414d17f90b73f2315c5c88528f4213e480c678d83a4ddf1d5328e351afc7de6ef81404ff273e13a336dcf2f09315f2528333ae8da412858661ecf65ed14d856e7d77414d856035b1b3658dc1689bf3d0c2b97c98e484fb50d88387056b837e2031babee68e4af67aec0845ae12d232cac290856aee5cd8dff79e5ba1af37567b57b94b47ee10b5e65525a111e96cb96212e4809fa7a8a54777f97b6d70f81f0b6d6cfc07228f60e5b00fa48868b5f5bd93621ef1b72cbc2bed563b1d67850ee910356b08cab3d99a1fbc10671ba2f5fed42cb9051b737671d5978ee67de827a03b9dbee1f1edcf69042e3dba73f32c067ea307dd8b69dbb668235c23ca807ae88b94442b0f8be720856655ac62b34f0cc7828440e29bb57f1d620ecadfcd95ff07dbbba01d666f538efa88bf2cc8faddfc0dd46f2553f1351b1ef850b91310105035693d11370ecd0d85a1f6453c3e6aaf6a9bad2d0d6d2e3939868fe918b9adc8cdb2e68dfd3d66e81f11961280088cc39a94d2f2440ef6b4a38a367e5f195ec9eea681e2280a3bca6c5712e2b6e09bd3ff9bd6c15a2198a237c10ed7a135b89e55c7d057e8168e3d1d26f2439c81c00d016ca28a3a6d5a04296dbf3731dd1a78256fd5b27f7c90b37806edb9887dd173d958c98508a959100fc66ea66745ea03449345bda03d69f31d963661b4ad6c8744e353d2f7ccb0a441c1436f105636f6114690a18e2f2bcf12090fb5a931232bff6a4b472f4c7b851cde070a12a5797a035ddde55a11d5319d798e9bad0d5a0baaa95fa1ba88e2ed9b001aaefef242900fbdbf42ed46b101a482339df7b28222570267f622f47c1afdb6b36445de31c9e562788b07d228f27f6adaa6d54f519f1f0548c49fb63353f5ffed0952a3fdf15c0ae6b957c98cb1b4c2be5c815763ae0a9aeeb106a1e51496a7eae3d5970646c11d469a96051c511b72a1d690917beafd4129a1c2ceb29bf16653e3fbc754c09689fe790bc79fa2b9089894b58b228fcf439aa6e75885f809468ca59c9034cfa2141ea7fdd3738491cd8a79b8127eb70bca521672b489cdb8bb471d13be999ff9fdc915bcbbc3d995db067d464338b47155f87508faf8071b9d471f5afc113aae55af53bd8f2cc6cf425f85efd03612abb592cae63db227d24066842af36992952609575acfbc6cc9717500a513b070997004f7909a7209eaa82dbd1f27debf24381065f89ee4eb15ecac174c65fe87d4a53bd940e054d95e393bdda8fac9e8cf1a54b5e790db5cb51d6c9f2bc27351d170f34b4e5ec66d2c678b6dfb0946334e8270a750f72ba50b2296fc0242bdd9c3112331ee5429f919f7629dc4dbe21c66f28510cc9650d1053246e0163470d9ee6cd6f19420b60591b64b972831ef3eb0f8e5bf5ea70b5f5f9dc1d0f2ea337f9c403691a975fb71acd03d4415e0c06ff6d3226d37e1fe3e80785de5b1a7dfaea9b6b441d9d773e07a6bf516dec3f68d244fd827dfbbe42e21468445f8ef12fb5dd18f4b86065f6d558cd6d0c4efabdc91010bb4a4862c0ec9be233a6535245c1d0135bc651d9b2057cac4170b48820469ccdad081dac353ff40eb2283c8ba80da0eae22f13f1c09f9d3c4475b28b77c78c2dd61cd95969de6688776e46c98f8e728a5510fe2dd4d4a328a25554d1fdf13b553708979fd69912e0991c219eca656bc1c65d11dc04d864f90dff1dc7c522afeba0e73b9f0be0248d2e4bf4d777e6c9c979fa815c91ee835f4e53f0d199cbc548df9e096c0fc973e673440b94094b6e5a62af702cfeaef90959617347a068fcdc3df68b447d9376586f533bd6cc4bf38fc9c0415be21312399df08d24a998db5d33c6ad64ffe29c2fc72820f78f7c1ad6648e9b0752407cc91eecb6cf9ace9c7bdcfb5d9e8b8503d2f1aa4ad670dc7d52b1684391ff4bde8c08283ea8ebbdf55a4201fefb90096c146b31dde1f8dcd64086818d311fb5678b3dc09f7a99a16e843a80fb0704a9def7b6bd36d7b6b60e1a3b7d48b322862d3822c2b942acc87a8b37c64b2ddd69b779e80662db49d2d13351e40c0e817f34023a1d67816c850a69168a0a5db1205a83b86845ed33bddc8da4879e9301c65c3797b79b5f84756efea0f006463450f4dc3896b44ba28efa831c5d8932aa551a78747c7eaa50ed952baaa091ef2a8d292e47dcf934c18f7c69c4eaea4ccee1c2f4f3ac7dedaa2404b8e28276c54ac242b7b38e50d82ccad3903a5f3382f42b8004a077682dd387ebabeb2d3b0b65ed5fe8af8029d16543c2b32672647e57cb07c48c9e33bf29dc9ba00b7502e58aebfd24ecff82219ddda2d57f2d2a1a939534fb8cb682bdd8416319526ec7ecb2015a0f785f7de6767f4d27ed61c7aa0b7a5135507a596096e279001517fe4e2ea765489250da3c370fe6630f3d5f5f92cc2d1c566272c5670625c5ee17851167d8d87ea78e06272ac11cdf049ae8439cf73f681a947361636ae2f1900aa25f6c8f2a9487faeb480be44ce5931fa803e477d9803caf9308ef4e6fe6c3a0e8a52fabcdbfd1ea72f691b7143f4ba1c5a56ab1faf2a63389841f7b35d3eae189189b80f5e9645c55d105b0b61e909dfef81a5fc7edaf809c776c99c018585a52f2131afe4495340d383ff3257d5bba5e82007e0d36447e73a8ee954b6a61c52ff76c57daf0be8c2059fdae6dd8745061a368b5ed7b415c23363f1521ff295f1cac1185d2ec343627e6df1f6d5c66cfdcb6cc60dff38f47390485957a5b2943eb3266e4851523cd2c1d57fbc445835c7b2fc728fa3b4d15f2d5afe8f1710ebb9b0ccfecf6830b8976a7064a779d848cfe780bb4a36952d771b79d6f92d244284018b2869d7e8983f0dc18f01982135dfc823bb2f2fed7e3f5267ccec41e9d221bd96bccb121e86205c088445c7876f4444cbafeabe08a75b58840c1ed57ce62fb965a9964b610aacf4732603998bc3f3a41ff26a0b163c243767cb405a64cce92592bb7aadd1d1bf43ce349fbad579e4a342071449555552be7dc4f97b966036a2544558303dfe9cccafff1325b66766cef77d6718e5799b1f6461c74f0fbd77e7b8bb1cf08d001477f302fcc14c09263faf2b452528716f2e343b6c313e18d19cfed4f2f4bd76b766d706b26c3f2b4cedac1bc5afaac1fe94bcae56efa71e7aa8a34ba470bd064c020090cd85215b50e812d662f07f186914684f18bd4289ac8681bc67b85d3b201900d277bea82e7b1c469595498324055f92a15ea2c2837bbe43a65e37aaa3b06653356a6093b2528d91f5b68ffd69b1d73716f02b7cd238f35cc7c448d71094eeca9b4c76cfd0beb33dd237a31401b84089fe4b0cd6234c3009c9adfbd58e9c4fa196566c362beb4890f6ffd55914d6195bfb47082957c4c392593bca282fdfc47d183268101c3c3071d9cc766607eab93a257d3a69d125c84387b67779dbcffbcce7049a8c6e4f275e7301fe73de0949113a4b03d3b4162b9b41767f164d578c5e2cfddfacd0ce87cc83ef5c9d35fe4549655a9fdeddcd6f4068792e73908783c35bf300f1de90f7955c4c90f129c03e7c2b88c67337bf80065a02ccc1ba523d30e4f3c710